
Microsoft Visual Studio Solution File, Format Version 12.00
# Visual Studio 15
VisualStudioVersion = 15.0.26430.13
MinimumVisualStudioVersion = 10.0.40219.1
Project("{9A19103F-16F7-4668-BE54-9A1E7A4F7556}") = "GestaoCustoReceita", "GestaoCustoReceita\GestaoCustoReceita.csproj", "{EDEA57A7-E441-481C-B056-B5C2110C17FC}"
EndProject
Project("{9A19103F-16F7-4668-BE54-9A1E7A4F7556}") = "GestaoCustoBusiness", "GestaoCustoBusiness\GestaoCustoBusiness.csproj", "{2A83CB75-7F0C-4FFF-B488-0E5D2D75F230}"
EndProject
Project("{FAE04EC0-301F-11D3-BF4B-00C04F79EFBC}") = "jQueryAjaxInAsp.NETMVC", "..\jQueryAjaxInAsp.NETMVC\jQueryAjaxInAsp.NETMVC\jQueryAjaxInAsp.NETMVC.csproj", "{6D966201-CE4D-48E8-889F-72558F1FB2D4}"
EndProject
Global
	GlobalSection(SolutionConfigurationPlatforms) = preSolution
		Debug|Any CPU = Debug|Any CPU
		Release|Any CPU = Release|Any CPU
	EndGlobalSection
	GlobalSection(ProjectConfigurationPlatforms) = postSolution
		{EDEA57A7-E441-481C-B056-B5C2110C17FC}.Debug|Any CPU.ActiveCfg = Debug|Any CPU
		{EDEA57A7-E441-481C-B056-B5C2110C17FC}.Debug|Any CPU.Build.0 = Debug|Any CPU
		{EDEA57A7-E441-481C-B056-B5C2110C17FC}.Release|Any CPU.ActiveCfg = Release|Any CPU
		{EDEA57A7-E441-481C-B056-B5C2110C17FC}.Release|Any CPU.Build.0 = Release|Any CPU
		{2A83CB75-7F0C-4FFF-B488-0E5D2D75F230}.Debug|Any CPU.ActiveCfg = Debug|Any CPU
		{2A83CB75-7F0C-4FFF-B488-0E5D2D75F230}.Release|Any CPU.ActiveCfg = Release|Any CPU
		{2A83CB75-7F0C-4FFF-B488-0E5D2D75F230}.Release|Any CPU.Build.0 = Release|Any CPU
		{6D966201-CE4D-48E8-889F-72558F1FB2D4}.Debug|Any CPU.ActiveCfg = Debug|Any CPU
		{6D966201-CE4D-48E8-889F-72558F1FB2D4}.Release|Any CPU.ActiveCfg = Release|Any CPU
		{6D966201-CE4D-48E8-889F-72558F1FB2D4}.Release|Any CPU.Build.0 = Release|Any CPU
	EndGlobalSection
	GlobalSection(SolutionProperties) = preSolution
		HideSolutionNode = FALSE
	EndGlobalSection
EndGlobal
